
Microsoft Visual Studio Solution File, Format Version 12.00
# Visual Studio Version 17
VisualStudioVersion = 17.9.34607.119
MinimumVisualStudioVersion = 10.0.40219.1
Project("{FAE04EC0-301F-11D3-BF4B-00C04F79EFBC}") = "Teoria003_Funzioni", "Teoria003_Funzioni\Teoria003_Funzioni.csproj", "{7D176485-E347-4697-90FD-C3B9A5D9B73C}"
EndProject
Global
	GlobalSection(SolutionConfigurationPlatforms) = preSolution
		Debug|Any CPU = Debug|Any CPU
		Release|Any CPU = Release|Any CPU
	EndGlobalSection
	GlobalSection(ProjectConfigurationPlatforms) = postSolution
		{7D176485-E347-4697-90FD-C3B9A5D9B73C}.Debug|Any CPU.ActiveCfg = Debug|Any CPU
		{7D176485-E347-4697-90FD-C3B9A5D9B73C}.Debug|Any CPU.Build.0 = Debug|Any CPU
		{7D176485-E347-4697-90FD-C3B9A5D9B73C}.Release|Any CPU.ActiveCfg = Release|Any CPU
		{7D176485-E347-4697-90FD-C3B9A5D9B73C}.Release|Any CPU.Build.0 = Release|Any CPU
	EndGlobalSection
	GlobalSection(SolutionProperties) = preSolution
		HideSolutionNode = FALSE
	EndGlobalSection
	GlobalSection(ExtensibilityGlobals) = postSolution
		SolutionGuid = {DD1DF306-6091-47EB-BBA3-CA50EA356D69}
	EndGlobalSection
EndGlobal
