
Microsoft Visual Studio Solution File, Format Version 12.00
# Visual Studio Version 17
VisualStudioVersion = 17.9.34607.119
MinimumVisualStudioVersion = 10.0.40219.1
Project("{FAE04EC0-301F-11D3-BF4B-00C04F79EFBC}") = "OOP_Recap", "OOP_Recap\OOP_Recap.csproj", "{C56034F6-67FD-44B7-8F04-17F3E43971D2}"
EndProject
Global
	GlobalSection(SolutionConfigurationPlatforms) = preSolution
		Debug|Any CPU = Debug|Any CPU
		Release|Any CPU = Release|Any CPU
	EndGlobalSection
	GlobalSection(ProjectConfigurationPlatforms) = postSolution
		{C56034F6-67FD-44B7-8F04-17F3E43971D2}.Debug|Any CPU.ActiveCfg = Debug|Any CPU
		{C56034F6-67FD-44B7-8F04-17F3E43971D2}.Debug|Any CPU.Build.0 = Debug|Any CPU
		{C56034F6-67FD-44B7-8F04-17F3E43971D2}.Release|Any CPU.ActiveCfg = Release|Any CPU
		{C56034F6-67FD-44B7-8F04-17F3E43971D2}.Release|Any CPU.Build.0 = Release|Any CPU
	EndGlobalSection
	GlobalSection(SolutionProperties) = preSolution
		HideSolutionNode = FALSE
	EndGlobalSection
	GlobalSection(ExtensibilityGlobals) = postSolution
		SolutionGuid = {4ABA6254-C37B-4CF7-AD89-9BF9CBB3A3F0}
	EndGlobalSection
EndGlobal
