
Microsoft Visual Studio Solution File, Format Version 12.00
# Visual Studio Version 17
VisualStudioVersion = 17.9.34607.119
MinimumVisualStudioVersion = 10.0.40219.1
Project("{9A19103F-16F7-4668-BE54-9A1E7A4F7556}") = "Teoria018_MVC", "Teoria018_MVC\Teoria018_MVC.csproj", "{5DA28D89-7EB9-4F02-A0A1-4ACA7DA16082}"
EndProject
Project("{FAE04EC0-301F-11D3-BF4B-00C04F79EFBC}") = "Snacks", "Snacks\Snacks.csproj", "{A515E22C-F7F7-4D3C-BF6B-19AA7A0329C8}"
EndProject
Global
	GlobalSection(SolutionConfigurationPlatforms) = preSolution
		Debug|Any CPU = Debug|Any CPU
		Release|Any CPU = Release|Any CPU
	EndGlobalSection
	GlobalSection(ProjectConfigurationPlatforms) = postSolution
		{5DA28D89-7EB9-4F02-A0A1-4ACA7DA16082}.Debug|Any CPU.ActiveCfg = Debug|Any CPU
		{5DA28D89-7EB9-4F02-A0A1-4ACA7DA16082}.Debug|Any CPU.Build.0 = Debug|Any CPU
		{5DA28D89-7EB9-4F02-A0A1-4ACA7DA16082}.Release|Any CPU.ActiveCfg = Release|Any CPU
		{5DA28D89-7EB9-4F02-A0A1-4ACA7DA16082}.Release|Any CPU.Build.0 = Release|Any CPU
		{A515E22C-F7F7-4D3C-BF6B-19AA7A0329C8}.Debug|Any CPU.ActiveCfg = Debug|Any CPU
		{A515E22C-F7F7-4D3C-BF6B-19AA7A0329C8}.Debug|Any CPU.Build.0 = Debug|Any CPU
		{A515E22C-F7F7-4D3C-BF6B-19AA7A0329C8}.Release|Any CPU.ActiveCfg = Release|Any CPU
		{A515E22C-F7F7-4D3C-BF6B-19AA7A0329C8}.Release|Any CPU.Build.0 = Release|Any CPU
	EndGlobalSection
	GlobalSection(SolutionProperties) = preSolution
		HideSolutionNode = FALSE
	EndGlobalSection
	GlobalSection(ExtensibilityGlobals) = postSolution
		SolutionGuid = {60582EAA-C7F5-4387-85DD-61F12C3C3221}
	EndGlobalSection
EndGlobal
