
Microsoft Visual Studio Solution File, Format Version 12.00
# Visual Studio Version 17
VisualStudioVersion = 17.9.34607.119
MinimumVisualStudioVersion = 10.0.40219.1
Project("{FAE04EC0-301F-11D3-BF4B-00C04F79EFBC}") = "PizzaMvc", "PizzaMvc\PizzaMvc.csproj", "{319D9F93-9426-4D68-8EBB-0D16850ECA1B}"
EndProject
Global
	GlobalSection(SolutionConfigurationPlatforms) = preSolution
		Debug|Any CPU = Debug|Any CPU
		Release|Any CPU = Release|Any CPU
	EndGlobalSection
	GlobalSection(ProjectConfigurationPlatforms) = postSolution
		{319D9F93-9426-4D68-8EBB-0D16850ECA1B}.Debug|Any CPU.ActiveCfg = Debug|Any CPU
		{319D9F93-9426-4D68-8EBB-0D16850ECA1B}.Debug|Any CPU.Build.0 = Debug|Any CPU
		{319D9F93-9426-4D68-8EBB-0D16850ECA1B}.Release|Any CPU.ActiveCfg = Release|Any CPU
		{319D9F93-9426-4D68-8EBB-0D16850ECA1B}.Release|Any CPU.Build.0 = Release|Any CPU
	EndGlobalSection
	GlobalSection(SolutionProperties) = preSolution
		HideSolutionNode = FALSE
	EndGlobalSection
	GlobalSection(ExtensibilityGlobals) = postSolution
		SolutionGuid = {FB427DBF-5BEF-4338-838B-42C617645F57}
	EndGlobalSection
EndGlobal
