
Microsoft Visual Studio Solution File, Format Version 12.00
# Visual Studio Version 17
VisualStudioVersion = 17.9.34607.119
MinimumVisualStudioVersion = 10.0.40219.1
Project("{FAE04EC0-301F-11D3-BF4B-00C04F79EFBC}") = "Teoria007_OOPAstrazione", "Teoria007_OOPAstrazione\Teoria007_OOPAstrazione.csproj", "{52329F20-BF75-432A-8A86-78BA865BA9B6}"
EndProject
Global
	GlobalSection(SolutionConfigurationPlatforms) = preSolution
		Debug|Any CPU = Debug|Any CPU
		Release|Any CPU = Release|Any CPU
	EndGlobalSection
	GlobalSection(ProjectConfigurationPlatforms) = postSolution
		{52329F20-BF75-432A-8A86-78BA865BA9B6}.Debug|Any CPU.ActiveCfg = Debug|Any CPU
		{52329F20-BF75-432A-8A86-78BA865BA9B6}.Debug|Any CPU.Build.0 = Debug|Any CPU
		{52329F20-BF75-432A-8A86-78BA865BA9B6}.Release|Any CPU.ActiveCfg = Release|Any CPU
		{52329F20-BF75-432A-8A86-78BA865BA9B6}.Release|Any CPU.Build.0 = Release|Any CPU
	EndGlobalSection
	GlobalSection(SolutionProperties) = preSolution
		HideSolutionNode = FALSE
	EndGlobalSection
	GlobalSection(ExtensibilityGlobals) = postSolution
		SolutionGuid = {4C984988-7246-45A1-BF41-C980D5352B16}
	EndGlobalSection
EndGlobal
