
Microsoft Visual Studio Solution File, Format Version 12.00
# Visual Studio Version 17
VisualStudioVersion = 17.9.34607.119
MinimumVisualStudioVersion = 10.0.40219.1
Project("{FAE04EC0-301F-11D3-BF4B-00C04F79EFBC}") = "002_Bookstore", "002_Bookstore\002_Bookstore.csproj", "{DCCADC83-21DA-4480-8CA8-90838681FB86}"
EndProject
Global
	GlobalSection(SolutionConfigurationPlatforms) = preSolution
		Debug|Any CPU = Debug|Any CPU
		Release|Any CPU = Release|Any CPU
	EndGlobalSection
	GlobalSection(ProjectConfigurationPlatforms) = postSolution
		{DCCADC83-21DA-4480-8CA8-90838681FB86}.Debug|Any CPU.ActiveCfg = Debug|Any CPU
		{DCCADC83-21DA-4480-8CA8-90838681FB86}.Debug|Any CPU.Build.0 = Debug|Any CPU
		{DCCADC83-21DA-4480-8CA8-90838681FB86}.Release|Any CPU.ActiveCfg = Release|Any CPU
		{DCCADC83-21DA-4480-8CA8-90838681FB86}.Release|Any CPU.Build.0 = Release|Any CPU
	EndGlobalSection
	GlobalSection(SolutionProperties) = preSolution
		HideSolutionNode = FALSE
	EndGlobalSection
	GlobalSection(ExtensibilityGlobals) = postSolution
		SolutionGuid = {A6F30E50-76BE-4251-AC5F-C99AD84D614B}
	EndGlobalSection
EndGlobal
